// !$*UTF8*$!
{
	archiveVersion = 1;
	classes = {
	};
	objectVersion = 46;
	objects = {

/* Begin PBXBuildFile section */
		C6211CD51C0A361100EFD702 /* AppDelegate.swift in Sources */ = {isa = PBXBuildFile; fileRef = C6211CD41C0A361100EFD702 /* AppDelegate.swift */; };
		C6211CD71C0A361100EFD702 /* ViewController.swift in Sources */ = {isa = PBXBuildFile; fileRef = C6211CD61C0A361100EFD702 /* ViewController.swift */; };
		C6211CDA1C0A361100EFD702 /* Main.storyboard in Resources */ = {isa = PBXBuildFile; fileRef = C6211CD81C0A361100EFD702 /* Main.storyboard */; };
		C6211CDC1C0A361100EFD702 /* Assets.xcassets in Resources */ = {isa = PBXBuildFile; fileRef = C6211CDB1C0A361100EFD702 /* Assets.xcassets */; };
		C6211CDF1C0A361100EFD702 /* LaunchScreen.storyboard in Resources */ = {isa = PBXBuildFile; fileRef = C6211CDD1C0A361100EFD702 /* LaunchScreen.storyboard */; };
		C6211CE71C0A6A0000EFD702 /* priority.png in Resources */ = {isa = PBXBuildFile; fileRef = C6211CE61C0A6A0000EFD702 /* priority.png */; };
		C6211CE91C0A6A0600EFD702 /* sensitive.png in Resources */ = {isa = PBXBuildFile; fileRef = C6211CE81C0A6A0600EFD702 /* sensitive.png */; };
		C6211CEB1C0A6A0E00EFD702 /* dcc.png in Resources */ = {isa = PBXBuildFile; fileRef = C6211CEA1C0A6A0E00EFD702 /* dcc.png */; };
		C6211CED1C0A784300EFD702 /* PickerTableViewController.swift in Sources */ = {isa = PBXBuildFile; fileRef = C6211CEC1C0A784300EFD702 /* PickerTableViewController.swift */; };
		C6211CEF1C0A786E00EFD702 /* PIckItem.swift in Sources */ = {isa = PBXBuildFile; fileRef = C6211CEE1C0A786E00EFD702 /* PIckItem.swift */; };
		C6211CF11C0A7B8600EFD702 /* NoteTableViewController.swift in Sources */ = {isa = PBXBuildFile; fileRef = C6211CF01C0A7B8600EFD702 /* NoteTableViewController.swift */; };
		C6211CF31C0B2EAF00EFD702 /* NoteTextView.swift in Sources */ = {isa = PBXBuildFile; fileRef = C6211CF21C0B2EAF00EFD702 /* NoteTextView.swift */; };
		C6211CF51C0B364800EFD702 /* ParentTableViewController.swift in Sources */ = {isa = PBXBuildFile; fileRef = C6211CF41C0B364800EFD702 /* ParentTableViewController.swift */; };
		C6211CF71C0B48D100EFD702 /* NotificationEvent.swift in Sources */ = {isa = PBXBuildFile; fileRef = C6211CF61C0B48D100EFD702 /* NotificationEvent.swift */; };
/* End PBXBuildFile section */

/* Begin PBXFileReference section */
		C6211CD11C0A361100EFD702 /* PickList.app */ = {isa = PBXFileReference; explicitFileType = wrapper.application; includeInIndex = 0; path = PickList.app; sourceTree = BUILT_PRODUCTS_DIR; };
		C6211CD41C0A361100EFD702 /* AppDelegate.swift */ = {isa = PBXFileReference; lastKnownFileType = sourcecode.swift; path = AppDelegate.swift; sourceTree = "<group>"; };
		C6211CD61C0A361100EFD702 /* ViewController.swift */ = {isa = PBXFileReference; lastKnownFileType = sourcecode.swift; path = ViewController.swift; sourceTree = "<group>"; };
		C6211CD91C0A361100EFD702 /* Base */ = {isa = PBXFileReference; lastKnownFileType = file.storyboard; name = Base; path = Base.lproj/Main.storyboard; sourceTree = "<group>"; };
		C6211CDB1C0A361100EFD702 /* Assets.xcassets */ = {isa = PBXFileReference; lastKnownFileType = folder.assetcatalog; path = Assets.xcassets; sourceTree = "<group>"; };
		C6211CDE1C0A361100EFD702 /* Base */ = {isa = PBXFileReference; lastKnownFileType = file.storyboard; name = Base; path = Base.lproj/LaunchScreen.storyboard; sourceTree = "<group>"; };
		C6211CE01C0A361100EFD702 /* Info.plist */ = {isa = PBXFileReference; lastKnownFileType = text.plist.xml; path = Info.plist; sourceTree = "<group>"; };
		C6211CE61C0A6A0000EFD702 /* priority.png */ = {isa = PBXFileReference; lastKnownFileType = image.png; path = priority.png; sourceTree = "<group>"; };
		C6211CE81C0A6A0600EFD702 /* sensitive.png */ = {isa = PBXFileReference; lastKnownFileType = image.png; path = sensitive.png; sourceTree = "<group>"; };
		C6211CEA1C0A6A0E00EFD702 /* dcc.png */ = {isa = PBXFileReference; lastKnownFileType = image.png; path = dcc.png; sourceTree = "<group>"; };
		C6211CEC1C0A784300EFD702 /* PickerTableViewController.swift */ = {isa = PBXFileReference; fileEncoding = 4; lastKnownFileType = sourcecode.swift; path = PickerTableViewController.swift; sourceTree = "<group>"; };
		C6211CEE1C0A786E00EFD702 /* PIckItem.swift */ = {isa = PBXFileReference; fileEncoding = 4; lastKnownFileType = sourcecode.swift; path = PIckItem.swift; sourceTree = "<group>"; };
		C6211CF01C0A7B8600EFD702 /* NoteTableViewController.swift */ = {isa = PBXFileReference; fileEncoding = 4; lastKnownFileType = sourcecode.swift; path = NoteTableViewController.swift; sourceTree = "<group>"; };
		C6211CF21C0B2EAF00EFD702 /* NoteTextView.swift */ = {isa = PBXFileReference; fileEncoding = 4; lastKnownFileType = sourcecode.swift; path = NoteTextView.swift; sourceTree = "<group>"; };
		C6211CF41C0B364800EFD702 /* ParentTableViewController.swift */ = {isa = PBXFileReference; fileEncoding = 4; lastKnownFileType = sourcecode.swift; path = ParentTableViewController.swift; sourceTree = "<group>"; };
		C6211CF61C0B48D100EFD702 /* NotificationEvent.swift */ = {isa = PBXFileReference; fileEncoding = 4; lastKnownFileType = sourcecode.swift; path = NotificationEvent.swift; sourceTree = "<group>"; };
/* End PBXFileReference section */

/* Begin PBXFrameworksBuildPhase section */
		C6211CCE1C0A361100EFD702 /* Frameworks */ = {
			isa = PBXFrameworksBuildPhase;
			buildActionMask = 2147483647;
			files = (
			);
			runOnlyForDeploymentPostprocessing = 0;
		};
/* End PBXFrameworksBuildPhase section */

/* Begin PBXGroup section */
		C6211CC81C0A361100EFD702 = {
			isa = PBXGroup;
			children = (
				C6211CD31C0A361100EFD702 /* PickList */,
				C6211CD21C0A361100EFD702 /* Products */,
			);
			sourceTree = "<group>";
		};
		C6211CD21C0A361100EFD702 /* Products */ = {
			isa = PBXGroup;
			children = (
				C6211CD11C0A361100EFD702 /* PickList.app */,
			);
			name = Products;
			sourceTree = "<group>";
		};
		C6211CD31C0A361100EFD702 /* PickList */ = {
			isa = PBXGroup;
			children = (
				C6211CD41C0A361100EFD702 /* AppDelegate.swift */,
				C6211CD61C0A361100EFD702 /* ViewController.swift */,
				C6211CD81C0A361100EFD702 /* Main.storyboard */,
				C6211CF21C0B2EAF00EFD702 /* NoteTextView.swift */,
				C6211CF61C0B48D100EFD702 /* NotificationEvent.swift */,
				C6211CF01C0A7B8600EFD702 /* NoteTableViewController.swift */,
				C6211CF41C0B364800EFD702 /* ParentTableViewController.swift */,
				C6211CEC1C0A784300EFD702 /* PickerTableViewController.swift */,
				C6211CEE1C0A786E00EFD702 /* PIckItem.swift */,
				C6211CDB1C0A361100EFD702 /* Assets.xcassets */,
				C6211CE81C0A6A0600EFD702 /* sensitive.png */,
				C6211CE61C0A6A0000EFD702 /* priority.png */,
				C6211CDD1C0A361100EFD702 /* LaunchScreen.storyboard */,
				C6211CEA1C0A6A0E00EFD702 /* dcc.png */,
				C6211CE01C0A361100EFD702 /* Info.plist */,
			);
			path = PickList;
			sourceTree = "<group>";
		};
/* End PBXGroup section */

/* Begin PBXNativeTarget section */
		C6211CD01C0A361100EFD702 /* PickList */ = {
			isa = PBXNativeTarget;
			buildConfigurationList = C6211CE31C0A361100EFD702 /* Build configuration list for PBXNativeTarget "PickList" */;
			buildPhases = (
				C6211CCD1C0A361100EFD702 /* Sources */,
				C6211CCE1C0A361100EFD702 /* Frameworks */,
				C6211CCF1C0A361100EFD702 /* Resources */,
			);
			buildRules = (
			);
			dependencies = (
			);
			name = PickList;
			productName = PickList;
			productReference = C6211CD11C0A361100EFD702 /* PickList.app */;
			productType = "com.apple.product-type.application";
		};
/* End PBXNativeTarget section */

/* Begin PBXProject section */
		C6211CC91C0A361100EFD702 /* Project object */ = {
			isa = PBXProject;
			attributes = {
				LastSwiftUpdateCheck = 0710;
				LastUpgradeCheck = 0710;
				ORGANIZATIONNAME = "David Rollins";
				TargetAttributes = {
					C6211CD01C0A361100EFD702 = {
						CreatedOnToolsVersion = 7.1.1;
						DevelopmentTeam = AYMHVHP4K9;
					};
				};
			};
			buildConfigurationList = C6211CCC1C0A361100EFD702 /* Build configuration list for PBXProject "PickList" */;
			compatibilityVersion = "Xcode 3.2";
			developmentRegion = English;
			hasScannedForEncodings = 0;
			knownRegions = (
				en,
				Base,
			);
			mainGroup = C6211CC81C0A361100EFD702;
			productRefGroup = C6211CD21C0A361100EFD702 /* Products */;
			projectDirPath = "";
			projectRoot = "";
			targets = (
				C6211CD01C0A361100EFD702 /* PickList */,
			);
		};
/* End PBXProject section */

/* Begin PBXResourcesBuildPhase section */
		C6211CCF1C0A361100EFD702 /* Resources */ = {
			isa = PBXResourcesBuildPhase;
			buildActionMask = 2147483647;
			files = (
				C6211CEB1C0A6A0E00EFD702 /* dcc.png in Resources */,
				C6211CDF1C0A361100EFD702 /* LaunchScreen.storyboard in Resources */,
				C6211CE71C0A6A0000EFD702 /* priority.png in Resources */,
				C6211CDC1C0A361100EFD702 /* Assets.xcassets in Resources */,
				C6211CE91C0A6A0600EFD702 /* sensitive.png in Resources */,
				C6211CDA1C0A361100EFD702 /* Main.storyboard in Resources */,
			);
			runOnlyForDeploymentPostprocessing = 0;
		};
/* End PBXResourcesBuildPhase section */

/* Begin PBXSourcesBuildPhase section */
		C6211CCD1C0A361100EFD702 /* Sources */ = {
			isa = PBXSourcesBuildPhase;
			buildActionMask = 2147483647;
			files = (
				C6211CF11C0A7B8600EFD702 /* NoteTableViewController.swift in Sources */,
				C6211CF31C0B2EAF00EFD702 /* NoteTextView.swift in Sources */,
				C6211CD71C0A361100EFD702 /* ViewController.swift in Sources */,
				C6211CF71C0B48D100EFD702 /* NotificationEvent.swift in Sources */,
				C6211CD51C0A361100EFD702 /* AppDelegate.swift in Sources */,
				C6211CF51C0B364800EFD702 /* ParentTableViewController.swift in Sources */,
				C6211CED1C0A784300EFD702 /* PickerTableViewController.swift in Sources */,
				C6211CEF1C0A786E00EFD702 /* PIckItem.swift in Sources */,
			);
			runOnlyForDeploymentPostprocessing = 0;
		};
/* End PBXSourcesBuildPhase section */

/* Begin PBXVariantGroup section */
		C6211CD81C0A361100EFD702 /* Main.storyboard */ = {
			isa = PBXVariantGroup;
			children = (
				C6211CD91C0A361100EFD702 /* Base */,
			);
			name = Main.storyboard;
			sourceTree = "<group>";
		};
		C6211CDD1C0A361100EFD702 /* LaunchScreen.storyboard */ = {
			isa = PBXVariantGroup;
			children = (
				C6211CDE1C0A361100EFD702 /* Base */,
			);
			name = LaunchScreen.storyboard;
			sourceTree = "<group>";
		};
/* End PBXVariantGroup section */

/* Begin XCBuildConfiguration section */
		C6211CE11C0A361100EFD702 /* Debug */ = {
			isa = XCBuildConfiguration;
			buildSettings = {
				ALWAYS_SEARCH_USER_PATHS = NO;
				CLANG_CXX_LANGUAGE_STANDARD = "gnu++0x";
				CLANG_CXX_LIBRARY = "libc++";
				CLANG_ENABLE_MODULES = YES;
				CLANG_ENABLE_OBJC_ARC = YES;
				CLANG_WARN_BOOL_CONVERSION = YES;
				CLANG_WARN_CONSTANT_CONVERSION = YES;
				CLANG_WARN_DIRECT_OBJC_ISA_USAGE = YES_ERROR;
				CLANG_WARN_EMPTY_BODY = YES;
				CLANG_WARN_ENUM_CONVERSION = YES;
				CLANG_WARN_INT_CONVERSION = YES;
				CLANG_WARN_OBJC_ROOT_CLASS = YES_ERROR;
				CLANG_WARN_UNREACHABLE_CODE = YES;
				CLANG_WARN__DUPLICATE_METHOD_MATCH = YES;
				"CODE_SIGN_IDENTITY[sdk=iphoneos*]" = "iPhone Developer";
				COPY_PHASE_STRIP = NO;
				DEBUG_INFORMATION_FORMAT = dwarf;
				ENABLE_STRICT_OBJC_MSGSEND = YES;
				ENABLE_TESTABILITY = YES;
				GCC_C_LANGUAGE_STANDARD = gnu99;
				GCC_DYNAMIC_NO_PIC = NO;
				GCC_NO_COMMON_BLOCKS = YES;
				GCC_OPTIMIZATION_LEVEL = 0;
				GCC_PREPROCESSOR_DEFINITIONS = (
					"DEBUG=1",
					"$(inherited)",
				);
				GCC_WARN_64_TO_32_BIT_CONVERSION = YES;
				GCC_WARN_ABOUT_RETURN_TYPE = YES_ERROR;
				GCC_WARN_UNDECLARED_SELECTOR = YES;
				GCC_WARN_UNINITIALIZED_AUTOS = YES_AGGRESSIVE;
				GCC_WARN_UNUSED_FUNCTION = YES;
				GCC_WARN_UNUSED_VARIABLE = YES;
				IPHONEOS_DEPLOYMENT_TARGET = 9.1;
				MTL_ENABLE_DEBUG_INFO = YES;
				ONLY_ACTIVE_ARCH = YES;
				SDKROOT = iphoneos;
				SWIFT_OPTIMIZATION_LEVEL = "-Onone";
			};
			name = Debug;
		};
		C6211CE21C0A361100EFD702 /* Release */ = {
			isa = XCBuildConfiguration;
			buildSettings = {
				ALWAYS_SEARCH_USER_PATHS = NO;
				CLANG_CXX_LANGUAGE_STANDARD = "gnu++0x";
				CLANG_CXX_LIBRARY = "libc++";
				CLANG_ENABLE_MODULES = YES;
				CLANG_ENABLE_OBJC_ARC = YES;
				CLANG_WARN_BOOL_CONVERSION = YES;
				CLANG_WARN_CONSTANT_CONVERSION = YES;
				CLANG_WARN_DIRECT_OBJC_ISA_USAGE = YES_ERROR;
				CLANG_WARN_EMPTY_BODY = YES;
				CLANG_WARN_ENUM_CONVERSION = YES;
				CLANG_WARN_INT_CONVERSION = YES;
				CLANG_WARN_OBJC_ROOT_CLASS = YES_ERROR;
				CLANG_WARN_UNREACHABLE_CODE = YES;
				CLANG_WARN__DUPLICATE_METHOD_MATCH = YES;
				"CODE_SIGN_IDENTITY[sdk=iphoneos*]" = "iPhone Developer";
				COPY_PHASE_STRIP = NO;
				DEBUG_INFORMATION_FORMAT = "dwarf-with-dsym";
				ENABLE_NS_ASSERTIONS = NO;
				ENABLE_STRICT_OBJC_MSGSEND = YES;
				GCC_C_LANGUAGE_STANDARD = gnu99;
				GCC_NO_COMMON_BLOCKS = YES;
				GCC_WARN_64_TO_32_BIT_CONVERSION = YES;
				GCC_WARN_ABOUT_RETURN_TYPE = YES_ERROR;
				GCC_WARN_UNDECLARED_SELECTOR = YES;
				GCC_WARN_UNINITIALIZED_AUTOS = YES_AGGRESSIVE;
				GCC_WARN_UNUSED_FUNCTION = YES;
				GCC_WARN_UNUSED_VARIABLE = YES;
				IPHONEOS_DEPLOYMENT_TARGET = 9.1;
				MTL_ENABLE_DEBUG_INFO = NO;
				SDKROOT = iphoneos;
				VALIDATE_PRODUCT = YES;
			};
			name = Release;
		};
		C6211CE41C0A361100EFD702 /* Debug */ = {
			isa = XCBuildConfiguration;
			buildSettings = {
				ASSETCATALOG_COMPILER_APPICON_NAME = AppIcon;
				INFOPLIST_FILE = PickList/Info.plist;
				LD_RUNPATH_SEARCH_PATHS = "$(inherited) @executable_path/Frameworks";
				PRODUCT_BUNDLE_IDENTIFIER = com.6thCents.PickList;
				PRODUCT_NAME = "$(TARGET_NAME)";
			};
			name = Debug;
		};
		C6211CE51C0A361100EFD702 /* Release */ = {
			isa = XCBuildConfiguration;
			buildSettings = {
				ASSETCATALOG_COMPILER_APPICON_NAME = AppIcon;
				INFOPLIST_FILE = PickList/Info.plist;
				LD_RUNPATH_SEARCH_PATHS = "$(inherited) @executable_path/Frameworks";
				PRODUCT_BUNDLE_IDENTIFIER = com.6thCents.PickList;
				PRODUCT_NAME = "$(TARGET_NAME)";
			};
			name = Release;
		};
/* End XCBuildConfiguration section */

/* Begin XCConfigurationList section */
		C6211CCC1C0A361100EFD702 /* Build configuration list for PBXProject "PickList" */ = {
			isa = XCConfigurationList;
			buildConfigurations = (
				C6211CE11C0A361100EFD702 /* Debug */,
				C6211CE21C0A361100EFD702 /* Release */,
			);
			defaultConfigurationIsVisible = 0;
			defaultConfigurationName = Release;
		};
		C6211CE31C0A361100EFD702 /* Build configuration list for PBXNativeTarget "PickList" */ = {
			isa = XCConfigurationList;
			buildConfigurations = (
				C6211CE41C0A361100EFD702 /* Debug */,
				C6211CE51C0A361100EFD702 /* Release */,
			);
			defaultConfigurationIsVisible = 0;
		};
/* End XCConfigurationList section */
	};
	rootObject = C6211CC91C0A361100EFD702 /* Project object */;
}
